<?xml version="1.0" encoding="utf-8"?>
<Project ToolsVersion="4.0" xmlns="http://schemas.microsoft.com/developer/msbuild/2003">
  <ItemGroup>
    <Filter Include="Source Files">
      <UniqueIdentifier>{4FC737F1-C7A5-4376-A066-2A32D752A2FF}</UniqueIdentifier>
      <Extensions>cpp;c;cc;cxx;def;odl;idl;hpj;bat;asm;asmx</Extensions>
    </Filter>
    <Filter Include="Header Files">
      <UniqueIdentifier>{93995380-89BD-4b04-88EB-625FBE52EBFB}</UniqueIdentifier>
      <Extensions>h;hh;hpp;hxx;hm;inl;inc;xsd</Extensions>
    </Filter>
    <Filter Include="Resource Files">
      <UniqueIdentifier>{67DA6AB6-F800-4c08-8B7A-83BB121AAD01}</UniqueIdentifier>
      <Extensions>rc;ico;cur;bmp;dlg;rc2;rct;bin;rgs;gif;jpg;jpeg;jpe;resx;tiff;tif;png;wav;mfcribbon-ms</Extensions>
    </Filter>
    <Filter Include="Header Files\GUI">
      <UniqueIdentifier>{9a8a4dc7-20c0-4150-9206-e34649eb0ef0}</UniqueIdentifier>
    </Filter>
    <Filter Include="Header Files\Helpers">
      <UniqueIdentifier>{20670588-8015-48af-97e5-28820ca1fc76}</UniqueIdentifier>
    </Filter>
    <Filter Include="Source Files\GUI">
      <UniqueIdentifier>{58a8410d-add4-4048-82ee-15c05c616caa}</UniqueIdentifier>
    </Filter>
    <Filter Include="Source Files\Helpers">
      <UniqueIdentifier>{97f90aa0-ccf0-44e6-8a42-7a054a3d6e73}</UniqueIdentifier>
    </Filter>
    <Filter Include="Header Files\Third-Party">
      <UniqueIdentifier>{54f3e1e8-0736-46b1-9544-e394476b7063}</UniqueIdentifier>
    </Filter>
    <Filter Include="Header Files\Third-Party\BeaEngine">
      <UniqueIdentifier>{b9eeb814-adee-4ac0-9df0-2743498544ab}</UniqueIdentifier>
    </Filter>
    <Filter Include="Header Files\Third-Party\BeaEngine\Includes">
      <UniqueIdentifier>{19c71529-f18a-4e29-a1ed-75f9b86de062}</UniqueIdentifier>
    </Filter>
  </ItemGroup>
  <ItemGroup>
    <ClCompile Include="Main.cpp">
      <Filter>Source Files</Filter>
    </ClCompile>
    <ClCompile Include="GUI\GUIButton.cpp">
      <Filter>Source Files\GUI</Filter>
    </ClCompile>
    <ClCompile Include="GUI\GUIComboBox.cpp">
      <Filter>Source Files\GUI</Filter>
    </ClCompile>
    <ClCompile Include="GUI\GUIForm.cpp">
      <Filter>Source Files\GUI</Filter>
    </ClCompile>
    <ClCompile Include="GUI\GUIListView.cpp">
      <Filter>Source Files\GUI</Filter>
    </ClCompile>
    <ClCompile Include="GUI\GUIObject.cpp">
      <Filter>Source Files\GUI</Filter>
    </ClCompile>
    <ClCompile Include="GUI\GUITextBox.cpp">
      <Filter>Source Files\GUI</Filter>
    </ClCompile>
    <ClCompile Include="Helpers\FileHelper.cpp">
      <Filter>Source Files\Helpers</Filter>
    </ClCompile>
    <ClCompile Include="Helpers\AsmHelper.cpp">
      <Filter>Source Files\Helpers</Filter>
    </ClCompile>
    <ClCompile Include="Helpers\StringHelper.cpp">
      <Filter>Source Files\Helpers</Filter>
    </ClCompile>
    <ClCompile Include="Helpers\ProcessHelper.cpp">
      <Filter>Source Files\Helpers</Filter>
    </ClCompile>
    <ClCompile Include="GUI\GUIProgressBar.cpp">
      <Filter>Source Files\GUI</Filter>
    </ClCompile>
  </ItemGroup>
  <ItemGroup>
    <ClInclude Include="Includes.h">
      <Filter>Header Files</Filter>
    </ClInclude>
    <ClInclude Include="resource.h">
      <Filter>Header Files</Filter>
    </ClInclude>
    <ClInclude Include="GUI\GUIButton.h">
      <Filter>Header Files\GUI</Filter>
    </ClInclude>
    <ClInclude Include="GUI\GUIComboBox.h">
      <Filter>Header Files\GUI</Filter>
    </ClInclude>
    <ClInclude Include="GUI\GUIDefines.h">
      <Filter>Header Files\GUI</Filter>
    </ClInclude>
    <ClInclude Include="GUI\GUIForm.h">
      <Filter>Header Files\GUI</Filter>
    </ClInclude>
    <ClInclude Include="GUI\GUIIncludes.h">
      <Filter>Header Files\GUI</Filter>
    </ClInclude>
    <ClInclude Include="GUI\GUIListView.h">
      <Filter>Header Files\GUI</Filter>
    </ClInclude>
    <ClInclude Include="GUI\GUIObject.h">
      <Filter>Header Files\GUI</Filter>
    </ClInclude>
    <ClInclude Include="GUI\GUITextBox.h">
      <Filter>Header Files\GUI</Filter>
    </ClInclude>
    <ClInclude Include="Helpers\FileHelper.h">
      <Filter>Header Files\Helpers</Filter>
    </ClInclude>
    <ClInclude Include="Third-Party\BeaEngine\BeaEngine.h">
      <Filter>Header Files\Third-Party\BeaEngine</Filter>
    </ClInclude>
    <ClInclude Include="Third-Party\BeaEngine\Includes\basic_types.h">
      <Filter>Header Files\Third-Party\BeaEngine\Includes</Filter>
    </ClInclude>
    <ClInclude Include="Third-Party\BeaEngine\Includes\export.h">
      <Filter>Header Files\Third-Party\BeaEngine\Includes</Filter>
    </ClInclude>
    <ClInclude Include="Helpers\AsmHelper.h">
      <Filter>Header Files\Helpers</Filter>
    </ClInclude>
    <ClInclude Include="Helpers\StringHelper.h">
      <Filter>Header Files\Helpers</Filter>
    </ClInclude>
    <ClInclude Include="Helpers\ProcessHelper.h">
      <Filter>Header Files\Helpers</Filter>
    </ClInclude>
    <ClInclude Include="GUI\GUIProgressBar.h">
      <Filter>Header Files\GUI</Filter>
    </ClInclude>
  </ItemGroup>
  <ItemGroup>
    <ResourceCompile Include="Resources.rc">
      <Filter>Resource Files</Filter>
    </ResourceCompile>
  </ItemGroup>
</Project>